
Microsoft Visual Studio Solution File, Format Version 12.00
# Visual Studio Version 16
VisualStudioVersion = 16.0.31605.320
MinimumVisualStudioVersion = 10.0.40219.1
Project("{FAE04EC0-301F-11D3-BF4B-00C04F79EFBC}") = "dotnet_web_api", "dotnet_web_api\dotnet_web_api.csproj", "{08E4B44A-8E88-49D3-849E-CF14593273D7}"
EndProject
Global
	GlobalSection(SolutionConfigurationPlatforms) = preSolution
		Debug|Any CPU = Debug|Any CPU
		Release|Any CPU = Release|Any CPU
	EndGlobalSection
	GlobalSection(ProjectConfigurationPlatforms) = postSolution
		{08E4B44A-8E88-49D3-849E-CF14593273D7}.Debug|Any CPU.ActiveCfg = Debug|Any CPU
		{08E4B44A-8E88-49D3-849E-CF14593273D7}.Debug|Any CPU.Build.0 = Debug|Any CPU
		{08E4B44A-8E88-49D3-849E-CF14593273D7}.Release|Any CPU.ActiveCfg = Release|Any CPU
		{08E4B44A-8E88-49D3-849E-CF14593273D7}.Release|Any CPU.Build.0 = Release|Any CPU
	EndGlobalSection
	GlobalSection(SolutionProperties) = preSolution
		HideSolutionNode = FALSE
	EndGlobalSection
	GlobalSection(ExtensibilityGlobals) = postSolution
		SolutionGuid = {D604B146-7451-477F-9DA4-44CA09668739}
	EndGlobalSection
EndGlobal
